{
  "requires": true,
  "lockfileVersion": 1,
  "dependencies": {
    "@types/seedrandom": {
      "version": "3.0.0",
      "resolved": "https://registry.npmjs.org/@types/seedrandom/-/seedrandom-3.0.0.tgz",
      "integrity": "sha512-Jr03BtXs7v6M/wtTum2VOMLBq7R8zpjdZLynhA/IOJq83czXrnVo8iSUI05gcq8Ecq0Swt+nuoK3y2ji/TWyMA=="
    },
    "seedrandom": {
      "version": "3.0.5",
      "resolved": "https://registry.npmjs.org/seedrandom/-/seedrandom-3.0.5.tgz",
      "integrity": "sha512-8OwmbklUNzwezjGInmZ+2clQmExQPvomqjL7LFqOYqtmuxRgQYqOD3mHaU+MvZn5FLUeVxVfQjwLZW/n/JFuqg=="
    }
  }
}
